
Microsoft Visual Studio Solution File, Format Version 12.00
# Visual Studio Version 17
VisualStudioVersion = 17.7.34031.279
MinimumVisualStudioVersion = 10.0.40219.1
Project("{9A19103F-16F7-4668-BE54-9A1E7A4F7556}") = "EmployeeWeb", "EmployeeAttendanceWeb\EmployeeWeb.csproj", "{087C36E7-65AB-4C96-9DB4-AD6574BB4098}"
EndProject
Project("{9A19103F-16F7-4668-BE54-9A1E7A4F7556}") = "EmployeeCommon", "EmployeeComman\EmployeeCommon.csproj", "{813ABB6D-5869-4025-BF14-52F97559BD6E}"
EndProject
Project("{9A19103F-16F7-4668-BE54-9A1E7A4F7556}") = "EmployeeAPI", "EmployeeAttendanceAPI\EmployeeAPI.csproj", "{3692BB84-2A99-4932-98A4-1B6FA7B80DBB}"
EndProject
Global
	GlobalSection(SolutionConfigurationPlatforms) = preSolution
		Debug|Any CPU = Debug|Any CPU
		Release|Any CPU = Release|Any CPU
	EndGlobalSection
	GlobalSection(ProjectConfigurationPlatforms) = postSolution
		{087C36E7-65AB-4C96-9DB4-AD6574BB4098}.Debug|Any CPU.ActiveCfg = Debug|Any CPU
		{087C36E7-65AB-4C96-9DB4-AD6574BB4098}.Debug|Any CPU.Build.0 = Debug|Any CPU
		{087C36E7-65AB-4C96-9DB4-AD6574BB4098}.Release|Any CPU.ActiveCfg = Release|Any CPU
		{087C36E7-65AB-4C96-9DB4-AD6574BB4098}.Release|Any CPU.Build.0 = Release|Any CPU
		{813ABB6D-5869-4025-BF14-52F97559BD6E}.Debug|Any CPU.ActiveCfg = Debug|Any CPU
		{813ABB6D-5869-4025-BF14-52F97559BD6E}.Debug|Any CPU.Build.0 = Debug|Any CPU
		{813ABB6D-5869-4025-BF14-52F97559BD6E}.Release|Any CPU.ActiveCfg = Release|Any CPU
		{813ABB6D-5869-4025-BF14-52F97559BD6E}.Release|Any CPU.Build.0 = Release|Any CPU
		{3692BB84-2A99-4932-98A4-1B6FA7B80DBB}.Debug|Any CPU.ActiveCfg = Debug|Any CPU
		{3692BB84-2A99-4932-98A4-1B6FA7B80DBB}.Debug|Any CPU.Build.0 = Debug|Any CPU
		{3692BB84-2A99-4932-98A4-1B6FA7B80DBB}.Release|Any CPU.ActiveCfg = Release|Any CPU
		{3692BB84-2A99-4932-98A4-1B6FA7B80DBB}.Release|Any CPU.Build.0 = Release|Any CPU
	EndGlobalSection
	GlobalSection(SolutionProperties) = preSolution
		HideSolutionNode = FALSE
	EndGlobalSection
	GlobalSection(ExtensibilityGlobals) = postSolution
		SolutionGuid = {8E3695AA-70F3-42DE-BF40-125B36DE9B81}
	EndGlobalSection
EndGlobal
